
Microsoft Visual Studio Solution File, Format Version 12.00
# Visual Studio Version 17
VisualStudioVersion = 17.11.35327.3
MinimumVisualStudioVersion = 10.0.40219.1
Project("{FAE04EC0-301F-11D3-BF4B-00C04F79EFBC}") = "ListaPooExer7", "ListaPooExer7.csproj", "{3B7E16F5-D44C-4BF2-9865-ECEE25171363}"
EndProject
Global
	GlobalSection(SolutionConfigurationPlatforms) = preSolution
		Debug|Any CPU = Debug|Any CPU
		Release|Any CPU = Release|Any CPU
	EndGlobalSection
	GlobalSection(ProjectConfigurationPlatforms) = postSolution
		{3B7E16F5-D44C-4BF2-9865-ECEE25171363}.Debug|Any CPU.ActiveCfg = Debug|Any CPU
		{3B7E16F5-D44C-4BF2-9865-ECEE25171363}.Debug|Any CPU.Build.0 = Debug|Any CPU
		{3B7E16F5-D44C-4BF2-9865-ECEE25171363}.Release|Any CPU.ActiveCfg = Release|Any CPU
		{3B7E16F5-D44C-4BF2-9865-ECEE25171363}.Release|Any CPU.Build.0 = Release|Any CPU
	EndGlobalSection
	GlobalSection(SolutionProperties) = preSolution
		HideSolutionNode = FALSE
	EndGlobalSection
	GlobalSection(ExtensibilityGlobals) = postSolution
		SolutionGuid = {DC50435E-3447-4D43-9807-1324B007EC98}
	EndGlobalSection
EndGlobal
