
Microsoft Visual Studio Solution File, Format Version 12.00
# Visual Studio Version 17
VisualStudioVersion = 17.11.35327.3
MinimumVisualStudioVersion = 10.0.40219.1
Project("{FAE04EC0-301F-11D3-BF4B-00C04F79EFBC}") = "ListaPooExe1", "ListaPooExe1.csproj", "{7D2DBAD7-D090-4C12-8BC3-07CAE917169C}"
EndProject
Global
	GlobalSection(SolutionConfigurationPlatforms) = preSolution
		Debug|Any CPU = Debug|Any CPU
		Release|Any CPU = Release|Any CPU
	EndGlobalSection
	GlobalSection(ProjectConfigurationPlatforms) = postSolution
		{7D2DBAD7-D090-4C12-8BC3-07CAE917169C}.Debug|Any CPU.ActiveCfg = Debug|Any CPU
		{7D2DBAD7-D090-4C12-8BC3-07CAE917169C}.Debug|Any CPU.Build.0 = Debug|Any CPU
		{7D2DBAD7-D090-4C12-8BC3-07CAE917169C}.Release|Any CPU.ActiveCfg = Release|Any CPU
		{7D2DBAD7-D090-4C12-8BC3-07CAE917169C}.Release|Any CPU.Build.0 = Release|Any CPU
	EndGlobalSection
	GlobalSection(SolutionProperties) = preSolution
		HideSolutionNode = FALSE
	EndGlobalSection
	GlobalSection(ExtensibilityGlobals) = postSolution
		SolutionGuid = {DCFB20B0-8638-4961-AE37-CDD203BA9F8F}
	EndGlobalSection
EndGlobal
